
Microsoft Visual Studio Solution File, Format Version 12.00
# Visual Studio Version 17
VisualStudioVersion = 17.10.35027.167
MinimumVisualStudioVersion = 10.0.40219.1
Project("{FAE04EC0-301F-11D3-BF4B-00C04F79EFBC}") = "MKSCreator", "MKSCreator.csproj", "{ABDF5B7C-40DD-4CD3-A7F0-EC78216E0015}"
EndProject
Global
	GlobalSection(SolutionConfigurationPlatforms) = preSolution
		Debug|Any CPU = Debug|Any CPU
		Release|Any CPU = Release|Any CPU
	EndGlobalSection
	GlobalSection(ProjectConfigurationPlatforms) = postSolution
		{ABDF5B7C-40DD-4CD3-A7F0-EC78216E0015}.Debug|Any CPU.ActiveCfg = Debug|Any CPU
		{ABDF5B7C-40DD-4CD3-A7F0-EC78216E0015}.Debug|Any CPU.Build.0 = Debug|Any CPU
		{ABDF5B7C-40DD-4CD3-A7F0-EC78216E0015}.Release|Any CPU.ActiveCfg = Release|Any CPU
		{ABDF5B7C-40DD-4CD3-A7F0-EC78216E0015}.Release|Any CPU.Build.0 = Release|Any CPU
	EndGlobalSection
	GlobalSection(SolutionProperties) = preSolution
		HideSolutionNode = FALSE
	EndGlobalSection
	GlobalSection(ExtensibilityGlobals) = postSolution
		SolutionGuid = {666DA06A-F4FA-44FE-9CA3-5F4C325DC13A}
	EndGlobalSection
EndGlobal
